// !$*UTF8*$!
{
	archiveVersion = 1;
	classes = {
	};
	objectVersion = 56;
	objects = {

/* Begin PBXBuildFile section */
		782406E02C7E30D100FB7759 /* FavouriteView.swift in Sources */ = {isa = PBXBuildFile; fileRef = 782406DF2C7E30D100FB7759 /* FavouriteView.swift */; };
		789840152C7D20FB00C743E3 /* Club_PhoneCopieApp.swift in Sources */ = {isa = PBXBuildFile; fileRef = 789840142C7D20FB00C743E3 /* Club_PhoneCopieApp.swift */; };
		789840172C7D20FB00C743E3 /* ContentView.swift in Sources */ = {isa = PBXBuildFile; fileRef = 789840162C7D20FB00C743E3 /* ContentView.swift */; };
		789840192C7D20FC00C743E3 /* Assets.xcassets in Resources */ = {isa = PBXBuildFile; fileRef = 789840182C7D20FC00C743E3 /* Assets.xcassets */; };
		7898401D2C7D20FC00C743E3 /* Preview Assets.xcassets in Resources */ = {isa = PBXBuildFile; fileRef = 7898401C2C7D20FC00C743E3 /* Preview Assets.xcassets */; };
		789840242C7D24ED00C743E3 /* DataModels.swift in Sources */ = {isa = PBXBuildFile; fileRef = 789840232C7D24ED00C743E3 /* DataModels.swift */; };
		7898402A2C7D256100C743E3 /* ContactsView.swift in Sources */ = {isa = PBXBuildFile; fileRef = 789840292C7D256100C743E3 /* ContactsView.swift */; };
		7898402D2C7D268700C743E3 /* ContactDetailView.swift in Sources */ = {isa = PBXBuildFile; fileRef = 7898402C2C7D268700C743E3 /* ContactDetailView.swift */; };
		7898402F2C7D282A00C743E3 /* AddContactView.swift in Sources */ = {isa = PBXBuildFile; fileRef = 7898402E2C7D282A00C743E3 /* AddContactView.swift */; };
/* End PBXBuildFile section */

/* Begin PBXFileReference section */
		782406DF2C7E30D100FB7759 /* FavouriteView.swift */ = {isa = PBXFileReference; lastKnownFileType = sourcecode.swift; path = FavouriteView.swift; sourceTree = "<group>"; };
		789840112C7D20FB00C743E3 /* Club_PhoneCopie.app */ = {isa = PBXFileReference; explicitFileType = wrapper.application; includeInIndex = 0; path = Club_PhoneCopie.app; sourceTree = BUILT_PRODUCTS_DIR; };
		789840142C7D20FB00C743E3 /* Club_PhoneCopieApp.swift */ = {isa = PBXFileReference; lastKnownFileType = sourcecode.swift; path = Club_PhoneCopieApp.swift; sourceTree = "<group>"; };
		789840162C7D20FB00C743E3 /* ContentView.swift */ = {isa = PBXFileReference; lastKnownFileType = sourcecode.swift; path = ContentView.swift; sourceTree = "<group>"; };
		789840182C7D20FC00C743E3 /* Assets.xcassets */ = {isa = PBXFileReference; lastKnownFileType = folder.assetcatalog; path = Assets.xcassets; sourceTree = "<group>"; };
		7898401A2C7D20FC00C743E3 /* Club_PhoneCopie.entitlements */ = {isa = PBXFileReference; lastKnownFileType = text.plist.entitlements; path = Club_PhoneCopie.entitlements; sourceTree = "<group>"; };
		7898401C2C7D20FC00C743E3 /* Preview Assets.xcassets */ = {isa = PBXFileReference; lastKnownFileType = folder.assetcatalog; path = "Preview Assets.xcassets"; sourceTree = "<group>"; };
		789840232C7D24ED00C743E3 /* DataModels.swift */ = {isa = PBXFileReference; lastKnownFileType = sourcecode.swift; path = DataModels.swift; sourceTree = "<group>"; };
		789840292C7D256100C743E3 /* ContactsView.swift */ = {isa = PBXFileReference; lastKnownFileType = sourcecode.swift; path = ContactsView.swift; sourceTree = "<group>"; };
		7898402C2C7D268700C743E3 /* ContactDetailView.swift */ = {isa = PBXFileReference; lastKnownFileType = sourcecode.swift; path = ContactDetailView.swift; sourceTree = "<group>"; };
		7898402E2C7D282A00C743E3 /* AddContactView.swift */ = {isa = PBXFileReference; lastKnownFileType = sourcecode.swift; path = AddContactView.swift; sourceTree = "<group>"; };
/* End PBXFileReference section */

/* Begin PBXFrameworksBuildPhase section */
		7898400E2C7D20FB00C743E3 /* Frameworks */ = {
			isa = PBXFrameworksBuildPhase;
			buildActionMask = 2147483647;
			files = (
			);
			runOnlyForDeploymentPostprocessing = 0;
		};
/* End PBXFrameworksBuildPhase section */

/* Begin PBXGroup section */
		789840082C7D20FB00C743E3 = {
			isa = PBXGroup;
			children = (
				789840132C7D20FB00C743E3 /* Club_PhoneCopie */,
				789840122C7D20FB00C743E3 /* Products */,
			);
			sourceTree = "<group>";
		};
		789840122C7D20FB00C743E3 /* Products */ = {
			isa = PBXGroup;
			children = (
				789840112C7D20FB00C743E3 /* Club_PhoneCopie.app */,
			);
			name = Products;
			sourceTree = "<group>";
		};
		789840132C7D20FB00C743E3 /* Club_PhoneCopie */ = {
			isa = PBXGroup;
			children = (
				789840142C7D20FB00C743E3 /* Club_PhoneCopieApp.swift */,
				7898402B2C7D257200C743E3 /* Views */,
				789840232C7D24ED00C743E3 /* DataModels.swift */,
				789840182C7D20FC00C743E3 /* Assets.xcassets */,
				7898401A2C7D20FC00C743E3 /* Club_PhoneCopie.entitlements */,
				7898401B2C7D20FC00C743E3 /* Preview Content */,
			);
			path = Club_PhoneCopie;
			sourceTree = "<group>";
		};
		7898401B2C7D20FC00C743E3 /* Preview Content */ = {
			isa = PBXGroup;
			children = (
				7898401C2C7D20FC00C743E3 /* Preview Assets.xcassets */,
			);
			path = "Preview Content";
			sourceTree = "<group>";
		};
		7898402B2C7D257200C743E3 /* Views */ = {
			isa = PBXGroup;
			children = (
				789840162C7D20FB00C743E3 /* ContentView.swift */,
				789840292C7D256100C743E3 /* ContactsView.swift */,
				7898402C2C7D268700C743E3 /* ContactDetailView.swift */,
				7898402E2C7D282A00C743E3 /* AddContactView.swift */,
				782406DF2C7E30D100FB7759 /* FavouriteView.swift */,
			);
			path = Views;
			sourceTree = "<group>";
		};
/* End PBXGroup section */

/* Begin PBXNativeTarget section */
		789840102C7D20FB00C743E3 /* Club_PhoneCopie */ = {
			isa = PBXNativeTarget;
			buildConfigurationList = 789840202C7D20FC00C743E3 /* Build configuration list for PBXNativeTarget "Club_PhoneCopie" */;
			buildPhases = (
				7898400D2C7D20FB00C743E3 /* Sources */,
				7898400E2C7D20FB00C743E3 /* Frameworks */,
				7898400F2C7D20FB00C743E3 /* Resources */,
			);
			buildRules = (
			);
			dependencies = (
			);
			name = Club_PhoneCopie;
			productName = Club_PhoneCopie;
			productReference = 789840112C7D20FB00C743E3 /* Club_PhoneCopie.app */;
			productType = "com.apple.product-type.application";
		};
/* End PBXNativeTarget section */

/* Begin PBXProject section */
		789840092C7D20FB00C743E3 /* Project object */ = {
			isa = PBXProject;
			attributes = {
				BuildIndependentTargetsInParallel = 1;
				LastSwiftUpdateCheck = 1540;
				LastUpgradeCheck = 1540;
				TargetAttributes = {
					789840102C7D20FB00C743E3 = {
						CreatedOnToolsVersion = 15.4;
					};
				};
			};
			buildConfigurationList = 7898400C2C7D20FB00C743E3 /* Build configuration list for PBXProject "Club_PhoneCopie" */;
			compatibilityVersion = "Xcode 14.0";
			developmentRegion = en;
			hasScannedForEncodings = 0;
			knownRegions = (
				en,
				Base,
			);
			mainGroup = 789840082C7D20FB00C743E3;
			productRefGroup = 789840122C7D20FB00C743E3 /* Products */;
			projectDirPath = "";
			projectRoot = "";
			targets = (
				789840102C7D20FB00C743E3 /* Club_PhoneCopie */,
			);
		};
/* End PBXProject section */

/* Begin PBXResourcesBuildPhase section */
		7898400F2C7D20FB00C743E3 /* Resources */ = {
			isa = PBXResourcesBuildPhase;
			buildActionMask = 2147483647;
			files = (
				7898401D2C7D20FC00C743E3 /* Preview Assets.xcassets in Resources */,
				789840192C7D20FC00C743E3 /* Assets.xcassets in Resources */,
			);
			runOnlyForDeploymentPostprocessing = 0;
		};
/* End PBXResourcesBuildPhase section */

/* Begin PBXSourcesBuildPhase section */
		7898400D2C7D20FB00C743E3 /* Sources */ = {
			isa = PBXSourcesBuildPhase;
			buildActionMask = 2147483647;
			files = (
				789840242C7D24ED00C743E3 /* DataModels.swift in Sources */,
				789840172C7D20FB00C743E3 /* ContentView.swift in Sources */,
				789840152C7D20FB00C743E3 /* Club_PhoneCopieApp.swift in Sources */,
				7898402F2C7D282A00C743E3 /* AddContactView.swift in Sources */,
				7898402A2C7D256100C743E3 /* ContactsView.swift in Sources */,
				782406E02C7E30D100FB7759 /* FavouriteView.swift in Sources */,
				7898402D2C7D268700C743E3 /* ContactDetailView.swift in Sources */,
			);
			runOnlyForDeploymentPostprocessing = 0;
		};
/* End PBXSourcesBuildPhase section */

/* Begin XCBuildConfiguration section */
		7898401E2C7D20FC00C743E3 /* Debug */ = {
			isa = XCBuildConfiguration;
			buildSettings = {
				ALWAYS_SEARCH_USER_PATHS = NO;
				ASSETCATALOG_COMPILER_GENERATE_SWIFT_ASSET_SYMBOL_EXTENSIONS = YES;
				CLANG_ANALYZER_NONNULL = YES;
				CLANG_ANALYZER_NUMBER_OBJECT_CONVERSION = YES_AGGRESSIVE;
				CLANG_CXX_LANGUAGE_STANDARD = "gnu++20";
				CLANG_ENABLE_MODULES = YES;
				CLANG_ENABLE_OBJC_ARC = YES;
				CLANG_ENABLE_OBJC_WEAK = YES;
				CLANG_WARN_BLOCK_CAPTURE_AUTORELEASING = YES;
				CLANG_WARN_BOOL_CONVERSION = YES;
				CLANG_WARN_COMMA = YES;
				CLANG_WARN_CONSTANT_CONVERSION = YES;
				CLANG_WARN_DEPRECATED_OBJC_IMPLEMENTATIONS = YES;
				CLANG_WARN_DIRECT_OBJC_ISA_USAGE = YES_ERROR;
				CLANG_WARN_DOCUMENTATION_COMMENTS = YES;
				CLANG_WARN_EMPTY_BODY = YES;
				CLANG_WARN_ENUM_CONVERSION = YES;
				CLANG_WARN_INFINITE_RECURSION = YES;
				CLANG_WARN_INT_CONVERSION = YES;
				CLANG_WARN_NON_LITERAL_NULL_CONVERSION = YES;
				CLANG_WARN_OBJC_IMPLICIT_RETAIN_SELF = YES;
				CLANG_WARN_OBJC_LITERAL_CONVERSION = YES;
				CLANG_WARN_OBJC_ROOT_CLASS = YES_ERROR;
				CLANG_WARN_QUOTED_INCLUDE_IN_FRAMEWORK_HEADER = YES;
				CLANG_WARN_RANGE_LOOP_ANALYSIS = YES;
				CLANG_WARN_STRICT_PROTOTYPES = YES;
				CLANG_WARN_SUSPICIOUS_MOVE = YES;
				CLANG_WARN_UNGUARDED_AVAILABILITY = YES_AGGRESSIVE;
				CLANG_WARN_UNREACHABLE_CODE = YES;
				CLANG_WARN__DUPLICATE_METHOD_MATCH = YES;
				COPY_PHASE_STRIP = NO;
				DEBUG_INFORMATION_FORMAT = dwarf;
				ENABLE_STRICT_OBJC_MSGSEND = YES;
				ENABLE_TESTABILITY = YES;
				ENABLE_USER_SCRIPT_SANDBOXING = YES;
				GCC_C_LANGUAGE_STANDARD = gnu17;
				GCC_DYNAMIC_NO_PIC = NO;
				GCC_NO_COMMON_BLOCKS = YES;
				GCC_OPTIMIZATION_LEVEL = 0;
				GCC_PREPROCESSOR_DEFINITIONS = (
					"DEBUG=1",
					"$(inherited)",
				);
				GCC_WARN_64_TO_32_BIT_CONVERSION = YES;
				GCC_WARN_ABOUT_RETURN_TYPE = YES_ERROR;
				GCC_WARN_UNDECLARED_SELECTOR = YES;
				GCC_WARN_UNINITIALIZED_AUTOS = YES_AGGRESSIVE;
				GCC_WARN_UNUSED_FUNCTION = YES;
				GCC_WARN_UNUSED_VARIABLE = YES;
				LOCALIZATION_PREFERS_STRING_CATALOGS = YES;
				MTL_ENABLE_DEBUG_INFO = INCLUDE_SOURCE;
				MTL_FAST_MATH = YES;
				ONLY_ACTIVE_ARCH = YES;
				SWIFT_ACTIVE_COMPILATION_CONDITIONS = "DEBUG $(inherited)";
				SWIFT_OPTIMIZATION_LEVEL = "-Onone";
			};
			name = Debug;
		};
		7898401F2C7D20FC00C743E3 /* Release */ = {
			isa = XCBuildConfiguration;
			buildSettings = {
				ALWAYS_SEARCH_USER_PATHS = NO;
				ASSETCATALOG_COMPILER_GENERATE_SWIFT_ASSET_SYMBOL_EXTENSIONS = YES;
				CLANG_ANALYZER_NONNULL = YES;
				CLANG_ANALYZER_NUMBER_OBJECT_CONVERSION = YES_AGGRESSIVE;
				CLANG_CXX_LANGUAGE_STANDARD = "gnu++20";
				CLANG_ENABLE_MODULES = YES;
				CLANG_ENABLE_OBJC_ARC = YES;
				CLANG_ENABLE_OBJC_WEAK = YES;
				CLANG_WARN_BLOCK_CAPTURE_AUTORELEASING = YES;
				CLANG_WARN_BOOL_CONVERSION = YES;
				CLANG_WARN_COMMA = YES;
				CLANG_WARN_CONSTANT_CONVERSION = YES;
				CLANG_WARN_DEPRECATED_OBJC_IMPLEMENTATIONS = YES;
				CLANG_WARN_DIRECT_OBJC_ISA_USAGE = YES_ERROR;
				CLANG_WARN_DOCUMENTATION_COMMENTS = YES;
				CLANG_WARN_EMPTY_BODY = YES;
				CLANG_WARN_ENUM_CONVERSION = YES;
				CLANG_WARN_INFINITE_RECURSION = YES;
				CLANG_WARN_INT_CONVERSION = YES;
				CLANG_WARN_NON_LITERAL_NULL_CONVERSION = YES;
				CLANG_WARN_OBJC_IMPLICIT_RETAIN_SELF = YES;
				CLANG_WARN_OBJC_LITERAL_CONVERSION = YES;
				CLANG_WARN_OBJC_ROOT_CLASS = YES_ERROR;
				CLANG_WARN_QUOTED_INCLUDE_IN_FRAMEWORK_HEADER = YES;
				CLANG_WARN_RANGE_LOOP_ANALYSIS = YES;
				CLANG_WARN_STRICT_PROTOTYPES = YES;
				CLANG_WARN_SUSPICIOUS_MOVE = YES;
				CLANG_WARN_UNGUARDED_AVAILABILITY = YES_AGGRESSIVE;
				CLANG_WARN_UNREACHABLE_CODE = YES;
				CLANG_WARN__DUPLICATE_METHOD_MATCH = YES;
				COPY_PHASE_STRIP = NO;
				DEBUG_INFORMATION_FORMAT = "dwarf-with-dsym";
				ENABLE_NS_ASSERTIONS = NO;
				ENABLE_STRICT_OBJC_MSGSEND = YES;
				ENABLE_USER_SCRIPT_SANDBOXING = YES;
				GCC_C_LANGUAGE_STANDARD = gnu17;
				GCC_NO_COMMON_BLOCKS = YES;
				GCC_WARN_64_TO_32_BIT_CONVERSION = YES;
				GCC_WARN_ABOUT_RETURN_TYPE = YES_ERROR;
				GCC_WARN_UNDECLARED_SELECTOR = YES;
				GCC_WARN_UNINITIALIZED_AUTOS = YES_AGGRESSIVE;
				GCC_WARN_UNUSED_FUNCTION = YES;
				GCC_WARN_UNUSED_VARIABLE = YES;
				LOCALIZATION_PREFERS_STRING_CATALOGS = YES;
				MTL_ENABLE_DEBUG_INFO = NO;
				MTL_FAST_MATH = YES;
				SWIFT_COMPILATION_MODE = wholemodule;
			};
			name = Release;
		};
		789840212C7D20FC00C743E3 /* Debug */ = {
			isa = XCBuildConfiguration;
			buildSettings = {
				ASSETCATALOG_COMPILER_APPICON_NAME = AppIcon;
				ASSETCATALOG_COMPILER_GLOBAL_ACCENT_COLOR_NAME = AccentColor;
				CODE_SIGN_ENTITLEMENTS = Club_PhoneCopie/Club_PhoneCopie.entitlements;
				CODE_SIGN_STYLE = Automatic;
				CURRENT_PROJECT_VERSION = 1;
				DEVELOPMENT_ASSET_PATHS = "\"Club_PhoneCopie/Preview Content\"";
				DEVELOPMENT_TEAM = SFL626YUT9;
				ENABLE_HARDENED_RUNTIME = YES;
				ENABLE_PREVIEWS = YES;
				GENERATE_INFOPLIST_FILE = YES;
				"INFOPLIST_KEY_UIApplicationSceneManifest_Generation[sdk=iphoneos*]" = YES;
				"INFOPLIST_KEY_UIApplicationSceneManifest_Generation[sdk=iphonesimulator*]" = YES;
				"INFOPLIST_KEY_UIApplicationSupportsIndirectInputEvents[sdk=iphoneos*]" = YES;
				"INFOPLIST_KEY_UIApplicationSupportsIndirectInputEvents[sdk=iphonesimulator*]" = YES;
				"INFOPLIST_KEY_UILaunchScreen_Generation[sdk=iphoneos*]" = YES;
				"INFOPLIST_KEY_UILaunchScreen_Generation[sdk=iphonesimulator*]" = YES;
				"INFOPLIST_KEY_UIStatusBarStyle[sdk=iphoneos*]" = UIStatusBarStyleDefault;
				"INFOPLIST_KEY_UIStatusBarStyle[sdk=iphonesimulator*]" = UIStatusBarStyleDefault;
				INFOPLIST_KEY_UISupportedInterfaceOrientations_iPad = "UIInterfaceOrientationPortrait UIInterfaceOrientationPortraitUpsideDown UIInterfaceOrientationLandscapeLeft UIInterfaceOrientationLandscapeRight";
				INFOPLIST_KEY_UISupportedInterfaceOrientations_iPhone = "UIInterfaceOrientationPortrait UIInterfaceOrientationLandscapeLeft UIInterfaceOrientationLandscapeRight";
				IPHONEOS_DEPLOYMENT_TARGET = 17.5;
				LD_RUNPATH_SEARCH_PATHS = "@executable_path/Frameworks";
				"LD_RUNPATH_SEARCH_PATHS[sdk=macosx*]" = "@executable_path/../Frameworks";
				MACOSX_DEPLOYMENT_TARGET = 14.5;
				MARKETING_VERSION = 1.0;
				PRODUCT_BUNDLE_IDENTIFIER = "Yat-Yat.Club-PhoneCopie";
				PRODUCT_NAME = "$(TARGET_NAME)";
				SDKROOT = auto;
				SUPPORTED_PLATFORMS = "iphoneos iphonesimulator macosx";
				SWIFT_EMIT_LOC_STRINGS = YES;
				SWIFT_VERSION = 5.0;
				TARGETED_DEVICE_FAMILY = "1,2";
			};
			name = Debug;
		};
		789840222C7D20FC00C743E3 /* Release */ = {
			isa = XCBuildConfiguration;
			buildSettings = {
				ASSETCATALOG_COMPILER_APPICON_NAME = AppIcon;
				ASSETCATALOG_COMPILER_GLOBAL_ACCENT_COLOR_NAME = AccentColor;
				CODE_SIGN_ENTITLEMENTS = Club_PhoneCopie/Club_PhoneCopie.entitlements;
				CODE_SIGN_STYLE = Automatic;
				CURRENT_PROJECT_VERSION = 1;
				DEVELOPMENT_ASSET_PATHS = "\"Club_PhoneCopie/Preview Content\"";
				DEVELOPMENT_TEAM = SFL626YUT9;
				ENABLE_HARDENED_RUNTIME = YES;
				ENABLE_PREVIEWS = YES;
				GENERATE_INFOPLIST_FILE = YES;
				"INFOPLIST_KEY_UIApplicationSceneManifest_Generation[sdk=iphoneos*]" = YES;
				"INFOPLIST_KEY_UIApplicationSceneManifest_Generation[sdk=iphonesimulator*]" = YES;
				"INFOPLIST_KEY_UIApplicationSupportsIndirectInputEvents[sdk=iphoneos*]" = YES;
				"INFOPLIST_KEY_UIApplicationSupportsIndirectInputEvents[sdk=iphonesimulator*]" = YES;
				"INFOPLIST_KEY_UILaunchScreen_Generation[sdk=iphoneos*]" = YES;
				"INFOPLIST_KEY_UILaunchScreen_Generation[sdk=iphonesimulator*]" = YES;
				"INFOPLIST_KEY_UIStatusBarStyle[sdk=iphoneos*]" = UIStatusBarStyleDefault;
				"INFOPLIST_KEY_UIStatusBarStyle[sdk=iphonesimulator*]" = UIStatusBarStyleDefault;
				INFOPLIST_KEY_UISupportedInterfaceOrientations_iPad = "UIInterfaceOrientationPortrait UIInterfaceOrientationPortraitUpsideDown UIInterfaceOrientationLandscapeLeft UIInterfaceOrientationLandscapeRight";
				INFOPLIST_KEY_UISupportedInterfaceOrientations_iPhone = "UIInterfaceOrientationPortrait UIInterfaceOrientationLandscapeLeft UIInterfaceOrientationLandscapeRight";
				IPHONEOS_DEPLOYMENT_TARGET = 17.5;
				LD_RUNPATH_SEARCH_PATHS = "@executable_path/Frameworks";
				"LD_RUNPATH_SEARCH_PATHS[sdk=macosx*]" = "@executable_path/../Frameworks";
				MACOSX_DEPLOYMENT_TARGET = 14.5;
				MARKETING_VERSION = 1.0;
				PRODUCT_BUNDLE_IDENTIFIER = "Yat-Yat.Club-PhoneCopie";
				PRODUCT_NAME = "$(TARGET_NAME)";
				SDKROOT = auto;
				SUPPORTED_PLATFORMS = "iphoneos iphonesimulator macosx";
				SWIFT_EMIT_LOC_STRINGS = YES;
				SWIFT_VERSION = 5.0;
				TARGETED_DEVICE_FAMILY = "1,2";
			};
			name = Release;
		};
/* End XCBuildConfiguration section */

/* Begin XCConfigurationList section */
		7898400C2C7D20FB00C743E3 /* Build configuration list for PBXProject "Club_PhoneCopie" */ = {
			isa = XCConfigurationList;
			buildConfigurations = (
				7898401E2C7D20FC00C743E3 /* Debug */,
				7898401F2C7D20FC00C743E3 /* Release */,
			);
			defaultConfigurationIsVisible = 0;
			defaultConfigurationName = Release;
		};
		789840202C7D20FC00C743E3 /* Build configuration list for PBXNativeTarget "Club_PhoneCopie" */ = {
			isa = XCConfigurationList;
			buildConfigurations = (
				789840212C7D20FC00C743E3 /* Debug */,
				789840222C7D20FC00C743E3 /* Release */,
			);
			defaultConfigurationIsVisible = 0;
			defaultConfigurationName = Release;
		};
/* End XCConfigurationList section */
	};
	rootObject = 789840092C7D20FB00C743E3 /* Project object */;
}
